
Microsoft Visual Studio Solution File, Format Version 12.00
# Visual Studio Version 17
VisualStudioVersion = 17.0.31903.59
MinimumVisualStudioVersion = 10.0.40219.1
Project("{FAE04EC0-301F-11D3-BF4B-00C04F79EFBC}") = "TintaES.Core", "src\TintaES.Core\TintaES.Core.csproj", "{B7FC812B-EDB5-42A7-90D1-930680D4B60B}"
EndProject
Project("{FAE04EC0-301F-11D3-BF4B-00C04F79EFBC}") = "TintaES.Reader", "src\TintaES.Reader\TintaES.Reader.csproj", "{C85B74B6-52D6-4E42-8CC4-2A3F0DE0C7A1}"
EndProject
Global
	GlobalSection(SolutionConfigurationPlatforms) = preSolution
		Debug|Any CPU = Debug|Any CPU
		Release|Any CPU = Release|Any CPU
	EndGlobalSection
	GlobalSection(ProjectConfigurationPlatforms) = postSolution
		{B7FC812B-EDB5-42A7-90D1-930680D4B60B}.Debug|Any CPU.ActiveCfg = Debug|Any CPU
		{B7FC812B-EDB5-42A7-90D1-930680D4B60B}.Debug|Any CPU.Build.0 = Debug|Any CPU
		{B7FC812B-EDB5-42A7-90D1-930680D4B60B}.Release|Any CPU.ActiveCfg = Release|Any CPU
		{B7FC812B-EDB5-42A7-90D1-930680D4B60B}.Release|Any CPU.Build.0 = Release|Any CPU
		{C85B74B6-52D6-4E42-8CC4-2A3F0DE0C7A1}.Debug|Any CPU.ActiveCfg = Debug|Any CPU
		{C85B74B6-52D6-4E42-8CC4-2A3F0DE0C7A1}.Debug|Any CPU.Build.0 = Debug|Any CPU
		{C85B74B6-52D6-4E42-8CC4-2A3F0DE0C7A1}.Release|Any CPU.ActiveCfg = Release|Any CPU
		{C85B74B6-52D6-4E42-8CC4-2A3F0DE0C7A1}.Release|Any CPU.Build.0 = Release|Any CPU
	EndGlobalSection
	GlobalSection(SolutionProperties) = preSolution
		HideSolutionNode = FALSE
	EndGlobalSection
EndGlobal
